
Microsoft Visual Studio Solution File, Format Version 12.00
# Visual Studio Version 16
VisualStudioVersion = 16.0.30503.244
MinimumVisualStudioVersion = 10.0.40219.1
Project("{FAE04EC0-301F-11D3-BF4B-00C04F79EFBC}") = "TkaniPrep", "TkaniPrep\TkaniPrep.csproj", "{6210D17A-EA5D-4753-9951-4667C4F9C317}"
EndProject
Global
	GlobalSection(SolutionConfigurationPlatforms) = preSolution
		Debug|Any CPU = Debug|Any CPU
		Release|Any CPU = Release|Any CPU
	EndGlobalSection
	GlobalSection(ProjectConfigurationPlatforms) = postSolution
		{6210D17A-EA5D-4753-9951-4667C4F9C317}.Debug|Any CPU.ActiveCfg = Debug|Any CPU
		{6210D17A-EA5D-4753-9951-4667C4F9C317}.Debug|Any CPU.Build.0 = Debug|Any CPU
		{6210D17A-EA5D-4753-9951-4667C4F9C317}.Release|Any CPU.ActiveCfg = Release|Any CPU
		{6210D17A-EA5D-4753-9951-4667C4F9C317}.Release|Any CPU.Build.0 = Release|Any CPU
	EndGlobalSection
	GlobalSection(SolutionProperties) = preSolution
		HideSolutionNode = FALSE
	EndGlobalSection
	GlobalSection(ExtensibilityGlobals) = postSolution
		SolutionGuid = {DE1D3C4A-E669-40E8-AE9B-5991D119E4E2}
	EndGlobalSection
EndGlobal
